
Microsoft Visual Studio Solution File, Format Version 12.00
# Visual Studio Version 17
VisualStudioVersion = 17.3.32922.545
MinimumVisualStudioVersion = 10.0.40219.1
Project("{FAE04EC0-301F-11D3-BF4B-00C04F79EFBC}") = "WindowsFormsApplication8", "WindowsFormsApplication8\WindowsFormsApplication8.csproj", "{D8A568FB-0CB5-4D33-8C21-DA730270AC1D}"
EndProject
Project("{2150E333-8FDC-42A3-9474-1A3956D46DE8}") = "解决方案项", "解决方案项", "{A1EDA299-D9AC-4336-946F-3A995A6C9CFF}"
EndProject
Global
	GlobalSection(SolutionConfigurationPlatforms) = preSolution
		Debug|Any CPU = Debug|Any CPU
		Release|Any CPU = Release|Any CPU
	EndGlobalSection
	GlobalSection(ProjectConfigurationPlatforms) = postSolution
		{D8A568FB-0CB5-4D33-8C21-DA730270AC1D}.Debug|Any CPU.ActiveCfg = Debug|Any CPU
		{D8A568FB-0CB5-4D33-8C21-DA730270AC1D}.Debug|Any CPU.Build.0 = Debug|Any CPU
		{D8A568FB-0CB5-4D33-8C21-DA730270AC1D}.Release|Any CPU.ActiveCfg = Release|Any CPU
		{D8A568FB-0CB5-4D33-8C21-DA730270AC1D}.Release|Any CPU.Build.0 = Release|Any CPU
	EndGlobalSection
	GlobalSection(SolutionProperties) = preSolution
		HideSolutionNode = FALSE
	EndGlobalSection
	GlobalSection(ExtensibilityGlobals) = postSolution
		SolutionGuid = {79AAE470-2832-4BD5-B3F2-43F7374961CE}
	EndGlobalSection
EndGlobal
